Microsoft Visual Studio Solution File, Format Version 12.00
# Visual Studio Version 17
VisualStudioVersion = 17.5.2.0
MinimumVisualStudioVersion = 10.0.40219.1
Project("{FAE04EC0-301F-11D3-BF4B-00C04F79EFBC}") = "zoo", "zoo\zoo.csproj", "{9FB3CFED-FCA8-7417-F686-8E8CB763D888}"
EndProject
Global
	GlobalSection(SolutionConfigurationPlatforms) = preSolution
		Debug|Any CPU = Debug|Any CPU
		Release|Any CPU = Release|Any CPU
	EndGlobalSection
	GlobalSection(ProjectConfigurationPlatforms) = postSolution
		{9FB3CFED-FCA8-7417-F686-8E8CB763D888}.Debug|Any CPU.ActiveCfg = Debug|Any CPU
		{9FB3CFED-FCA8-7417-F686-8E8CB763D888}.Debug|Any CPU.Build.0 = Debug|Any CPU
		{9FB3CFED-FCA8-7417-F686-8E8CB763D888}.Release|Any CPU.ActiveCfg = Release|Any CPU
		{9FB3CFED-FCA8-7417-F686-8E8CB763D888}.Release|Any CPU.Build.0 = Release|Any CPU
	EndGlobalSection
	GlobalSection(SolutionProperties) = preSolution
		HideSolutionNode = FALSE
	EndGlobalSection
	GlobalSection(ExtensibilityGlobals) = postSolution
		SolutionGuid = {D17FF7DC-54DD-45A3-9C11-7D12A68D9F02}
	EndGlobalSection
EndGlobal
